github.com/bostontrader/okcatbox v0.0.0-20200502231605-59493f6ec80d h1:30TMyxhQIxJTTGpJsS2I75nFHZGGQLsGALQxO3r7Izk=
github.com/bostontrader/okcatbox v0.0.0-20200502231605-59493f6ec80d/go.mod h1:VxIf6xA57RYAedO1F5q8T2UReMv8svfD04UyMCBjpOw=
github.com/bostontrader/okcommon v0.0.0-20200429235446-4e3fbabac6ed h1:0QN+eAgwTou+r7iw7HmPKlvHoLBOZftxinErhN8hImo=
github.com/bostontrader/okcommon v0.0.0-20200429235446-4e3fbabac6ed/go.mod h1:fha9Ng4sIP6ECUazxex3rtE3Muqd5D4TLlGXDjwPLhU=
github.com/bostontrader/okcommon v0.0.0-20200430223029-3ea7dd42984a h1:udJA+BoyDGIRSp2laJjkZS4ekf374PbtHRbLTG3bTpY=
github.com/bostontrader/okcommon v0.0.0-20200430223029-3ea7dd42984a/go.mod h1:fha9Ng4sIP6ECUazxex3rtE3Muqd5D4TLlGXDjwPLhU=
github.com/bostontrader/okcommon v0.0.0-20200501005845-448b4a8e049a h1:CH8rP/dQETviilQzxrTNacyQGCN6neETre/h1/aDIDo=
github.com/bostontrader/okcommon v0.0.0-20200501005845-448b4a8e049a/go.mod h1:fha9Ng4sIP6ECUazxex3rtE3Muqd5D4TLlGXDjwPLhU=
github.com/bostontrader/okcommon v0.0.0-20200501224119-16ca216456ab h1:4UaeGc+fZL9j6131LTuyhBuPk4BmSnxqSCb0ktF0ONQ=
github.com/bostontrader/okcommon v0.0.0-20200501224119-16ca216456ab/go.mod h1:fha9Ng4sIP6ECUazxex3rtE3Muqd5D4TLlGXDjwPLhU=
github.com/bostontrader/okcommon v0.0.0-20200502221825-adb7324f4bbe h1:f/aaOrI7Ub2iO069bakTMTTU4cHNwkrZNeAkmmnfCzM=
github.com/bostontrader/okcommon v0.0.0-20200502221825-adb7324f4bbe/go.mod h1:fha9Ng4sIP6ECUazxex3rtE3Muqd5D4TLlGXDjwPLhU=
github.com/bostontrader/okcommon v0.0.0-20200506000235-ff23df19bfaf h1:+HLprL4TIZ1GFGofab84IuhUc1A3zmBrp/hiFbkfSWM=
github.com/bostontrader/okcommon v0.0.0-20200506000235-ff23df19bfaf/go.mod h1:fha9Ng4sIP6ECUazxex3rtE3Muqd5D4TLlGXDjwPLhU=
github.com/bostontrader/okcommon v0.0.0-20200510234536-a48afdd2825d h1:RNDBuDAPqVp/LwfzK40PRzLTtId7R0d4TSIlS/NGC+o=
github.com/bostontrader/okcommon v0.0.0-20200510234536-a48afdd2825d/go.mod h1:fha9Ng4sIP6ECUazxex3rtE3Muqd5D4TLlGXDjwPLhU=
github.com/bostontrader/okcommon v0.0.0-20200511002922-a3aa4fe24e1e h1:G/5IvxMK8aSP9b+cXzgK1m08OskZcr2YpByMwbkTkBA=
github.com/bostontrader/okcommon v0.0.0-20200511002922-a3aa4fe24e1e/go.mod h1:fha9Ng4sIP6ECUazxex3rtE3Muqd5D4TLlGXDjwPLhU=
github.com/bostontrader/okcommon v0.0.0-20200511020613-fdba00663f86 h1:/9QWG0BxOdqhpTVIQd6XFgGu/Kc+B6pSOV/RD6f84gI=
github.com/bostontrader/okcommon v0.0.0-20200511020613-fdba00663f86/go.mod h1:fha9Ng4sIP6ECUazxex3rtE3Muqd5D4TLlGXDjwPLhU=
github.com/hashicorp/go-immutable-radix v1.2.0 h1:l6UW37iCXwZkZoAbEYnptSHVE/cQ5bOTPYG5W3vf9+8=
github.com/hashicorp/go-immutable-radix v1.2.0/go.mod h1:0y9vanUI8NX6FsYoO3zeMjhV/C5i9g4Q3DwcSNZ4P60=
github.com/hashicorp/go-memdb v1.2.1 h1:wI9btDjYUOJJHTCnRlAG/TkRyD/ij7meJMrLK9X31Cc=
github.com/hashicorp/go-memdb v1.2.1/go.mod h1:OSvLJ662Jim8hMM+gWGyhktyWk2xPCnWMc7DWIqtkGA=
github.com/hashicorp/go-uuid v1.0.0/go.mod h1:6SBZvOh/SIDV7/2o3Jml5SYk/TvGqwFJ/bN7x4byOro=
github.com/hashicorp/golang-lru v0.5.0/go.mod h1:/m3WP610KZHVQ1SGc6re/UDhFvYD7pJ4Ao+sR/qLZy8=
github.com/hashicorp/golang-lru v0.5.4 h1:YDjusn29QI/Das2iO9M0BHnIbxPeyuCHsjMW+lJfyTc=
github.com/hashicorp/golang-lru v0.5.4/go.mod h1:iADmTwqILo4mZ8BN3D2Q6+9jd8WM5uGBxy+E8yxSoD4=
github.com/nu7hatch/gouuid v0.0.0-20131221200532-179d4d0c4d8d h1:VhgPp6v9qf9Agr/56bj7Y/xa04UccTW04VP0Qed4vnQ=
github.com/nu7hatch/gouuid v0.0.0-20131221200532-179d4d0c4d8d/go.mod h1:YUTz3bUH2ZwIWBy3CJBeOBEugqcmXREj14T+iG/4k4U=
github.com/shopspring/decimal v1.2.0 h1:abSATXmQEYyShuxI4/vyW3tV1MrKAJzCZ/0zLUXYbsQ=
github.com/shopspring/decimal v1.2.0/go.mod h1:DKyhrW/HYNuLGql+MJL6WCR6knT2jwCFRcu2hWCYk4o=
gopkg.in/check.v1 v0.0.0-20161208181325-20d25e280405/go.mod h1:Co6ibVJAznAaIkqp8huTwlJQCZ016jof/cbN4VW5Yz0=
gopkg.in/yaml.v3 v3.0.0-20200313102051-9f266ea9e77c h1:dUUwHk2QECo/6vqA44rthZ8ie2QXMNeKRTHCNY2nXvo=
gopkg.in/yaml.v3 v3.0.0-20200313102051-9f266ea9e77c/go.mod h1:K4uyk7z7BCEPqu6E+C64Yfv1cQ7kz7rIZviUmN+EgEM=
